
Microsoft Visual Studio Solution File, Format Version 12.00
# Visual Studio 15
Project("{FAE04EC0-301F-11D3-BF4B-00C04F79EFBC}") = "UnityEngine.UI", "UnityEngine.UI.csproj", "{2D273B15-B798-80C2-0297-33474DFE01D0}"
EndProject
Project("{FAE04EC0-301F-11D3-BF4B-00C04F79EFBC}") = "Unity.TextMeshPro", "Unity.TextMeshPro.csproj", "{AF3BEBBF-B80C-A6D6-255D-C1F83CECB3E9}"
EndProject
Project("{FAE04EC0-301F-11D3-BF4B-00C04F79EFBC}") = "Assembly-CSharp", "Assembly-CSharp.csproj", "{FE343709-FF15-6F11-0B11-39EAEBC9134E}"
EndProject
Project("{FAE04EC0-301F-11D3-BF4B-00C04F79EFBC}") = "Unity.TextMeshPro.Tests", "Unity.TextMeshPro.Tests.csproj", "{3DD72A5A-95BF-24AF-1340-B217AD492268}"
EndProject
Project("{FAE04EC0-301F-11D3-BF4B-00C04F79EFBC}") = "UnityEditor.UI", "UnityEditor.UI.csproj", "{95C0FCC2-853E-2B7D-D60A-AB5BF8D41B5A}"
EndProject
Project("{FAE04EC0-301F-11D3-BF4B-00C04F79EFBC}") = "Unity.TextMeshPro.Editor", "Unity.TextMeshPro.Editor.csproj", "{A10696AC-C106-ADF7-CBBB-A0B08EF001C2}"
EndProject
Project("{FAE04EC0-301F-11D3-BF4B-00C04F79EFBC}") = "Unity.TextMeshPro.Editor.Tests", "Unity.TextMeshPro.Editor.Tests.csproj", "{E65E8ABC-2E46-83A1-4744-20C4656D3857}"
EndProject
Global
	GlobalSection(SolutionConfigurationPlatforms) = preSolution
		Debug|Any CPU = Debug|Any CPU
		Release|Any CPU = Release|Any CPU
	EndGlobalSection
	GlobalSection(ProjectConfigurationPlatforms) = postSolution
		{2D273B15-B798-80C2-0297-33474DFE01D0}.Debug|Any CPU.ActiveCfg = Debug|Any CPU
		{2D273B15-B798-80C2-0297-33474DFE01D0}.Debug|Any CPU.Build.0 = Debug|Any CPU
		{2D273B15-B798-80C2-0297-33474DFE01D0}.Release|Any CPU.ActiveCfg = Release|Any CPU
		{2D273B15-B798-80C2-0297-33474DFE01D0}.Release|Any CPU.Build.0 = Release|Any CPU
		{AF3BEBBF-B80C-A6D6-255D-C1F83CECB3E9}.Debug|Any CPU.ActiveCfg = Debug|Any CPU
		{AF3BEBBF-B80C-A6D6-255D-C1F83CECB3E9}.Debug|Any CPU.Build.0 = Debug|Any CPU
		{AF3BEBBF-B80C-A6D6-255D-C1F83CECB3E9}.Release|Any CPU.ActiveCfg = Release|Any CPU
		{AF3BEBBF-B80C-A6D6-255D-C1F83CECB3E9}.Release|Any CPU.Build.0 = Release|Any CPU
		{FE343709-FF15-6F11-0B11-39EAEBC9134E}.Debug|Any CPU.ActiveCfg = Debug|Any CPU
		{FE343709-FF15-6F11-0B11-39EAEBC9134E}.Debug|Any CPU.Build.0 = Debug|Any CPU
		{FE343709-FF15-6F11-0B11-39EAEBC9134E}.Release|Any CPU.ActiveCfg = Release|Any CPU
		{FE343709-FF15-6F11-0B11-39EAEBC9134E}.Release|Any CPU.Build.0 = Release|Any CPU
		{3DD72A5A-95BF-24AF-1340-B217AD492268}.Debug|Any CPU.ActiveCfg = Debug|Any CPU
		{3DD72A5A-95BF-24AF-1340-B217AD492268}.Debug|Any CPU.Build.0 = Debug|Any CPU
		{3DD72A5A-95BF-24AF-1340-B217AD492268}.Release|Any CPU.ActiveCfg = Release|Any CPU
		{3DD72A5A-95BF-24AF-1340-B217AD492268}.Release|Any CPU.Build.0 = Release|Any CPU
		{95C0FCC2-853E-2B7D-D60A-AB5BF8D41B5A}.Debug|Any CPU.ActiveCfg = Debug|Any CPU
		{95C0FCC2-853E-2B7D-D60A-AB5BF8D41B5A}.Debug|Any CPU.Build.0 = Debug|Any CPU
		{95C0FCC2-853E-2B7D-D60A-AB5BF8D41B5A}.Release|Any CPU.ActiveCfg = Release|Any CPU
		{95C0FCC2-853E-2B7D-D60A-AB5BF8D41B5A}.Release|Any CPU.Build.0 = Release|Any CPU
		{A10696AC-C106-ADF7-CBBB-A0B08EF001C2}.Debug|Any CPU.ActiveCfg = Debug|Any CPU
		{A10696AC-C106-ADF7-CBBB-A0B08EF001C2}.Debug|Any CPU.Build.0 = Debug|Any CPU
		{A10696AC-C106-ADF7-CBBB-A0B08EF001C2}.Release|Any CPU.ActiveCfg = Release|Any CPU
		{A10696AC-C106-ADF7-CBBB-A0B08EF001C2}.Release|Any CPU.Build.0 = Release|Any CPU
		{E65E8ABC-2E46-83A1-4744-20C4656D3857}.Debug|Any CPU.ActiveCfg = Debug|Any CPU
		{E65E8ABC-2E46-83A1-4744-20C4656D3857}.Debug|Any CPU.Build.0 = Debug|Any CPU
		{E65E8ABC-2E46-83A1-4744-20C4656D3857}.Release|Any CPU.ActiveCfg = Release|Any CPU
		{E65E8ABC-2E46-83A1-4744-20C4656D3857}.Release|Any CPU.Build.0 = Release|Any CPU
	EndGlobalSection
	GlobalSection(SolutionProperties) = preSolution
		HideSolutionNode = FALSE
	EndGlobalSection
EndGlobal
